
Microsoft Visual Studio Solution File, Format Version 12.00
# Visual Studio 15
VisualStudioVersion = 15.0.27428.2037
MinimumVisualStudioVersion = 10.0.40219.1
Project("{FAE04EC0-301F-11D3-BF4B-00C04F79EFBC}") = "RavenDB", "RavenDB\RavenDB.csproj", "{A9B078AC-74A4-4243-9499-CF4641CF9A17}"
EndProject
Project("{2150E333-8FDC-42A3-9474-1A3956D46DE8}") = "Solution Items", "Solution Items", "{34028BF3-B437-42D8-A69B-AD9459366DAB}"
	ProjectSection(SolutionItems) = preProject
		DocumentStoreHolder.cs = DocumentStoreHolder.cs
	EndProjectSection
EndProject
Global
	GlobalSection(SolutionConfigurationPlatforms) = preSolution
		Debug|Any CPU = Debug|Any CPU
		Release|Any CPU = Release|Any CPU
	EndGlobalSection
	GlobalSection(ProjectConfigurationPlatforms) = postSolution
		{A9B078AC-74A4-4243-9499-CF4641CF9A17}.Debug|Any CPU.ActiveCfg = Debug|Any CPU
		{A9B078AC-74A4-4243-9499-CF4641CF9A17}.Debug|Any CPU.Build.0 = Debug|Any CPU
		{A9B078AC-74A4-4243-9499-CF4641CF9A17}.Release|Any CPU.ActiveCfg = Release|Any CPU
		{A9B078AC-74A4-4243-9499-CF4641CF9A17}.Release|Any CPU.Build.0 = Release|Any CPU
	EndGlobalSection
	GlobalSection(SolutionProperties) = preSolution
		HideSolutionNode = FALSE
	EndGlobalSection
	GlobalSection(ExtensibilityGlobals) = postSolution
		SolutionGuid = {B13ABAAA-58E7-4D60-AD18-A8EAE4232E38}
	EndGlobalSection
EndGlobal
